// !$*UTF8*$!
{
	archiveVersion = 1;
	classes = {
	};
	objectVersion = 52;
	objects = {

/* Begin PBXBuildFile section */
		89199BBE266229D8000CF8A8 /* BbangStarQuikLookVC.swift in Sources */ = {isa = PBXBuildFile; fileRef = 89199BB4266229D8000CF8A8 /* BbangStarQuikLookVC.swift */; };
		89199BBF266229D8000CF8A8 /* HomeViewController.swift in Sources */ = {isa = PBXBuildFile; fileRef = 89199BB5266229D8000CF8A8 /* HomeViewController.swift */; };
		89199BC0266229D8000CF8A8 /* WorldCupVC.swift in Sources */ = {isa = PBXBuildFile; fileRef = 89199BB6266229D8000CF8A8 /* WorldCupVC.swift */; };
		89199BC1266229D8000CF8A8 /* TourQuickLookVC.swift in Sources */ = {isa = PBXBuildFile; fileRef = 89199BB8266229D8000CF8A8 /* TourQuickLookVC.swift */; };
		89199BC2266229D8000CF8A8 /* SimpleMapView.swift in Sources */ = {isa = PBXBuildFile; fileRef = 89199BB9266229D8000CF8A8 /* SimpleMapView.swift */; };
		89199BC3266229D8000CF8A8 /* WelcomeFeedCard.xib in Resources */ = {isa = PBXBuildFile; fileRef = 89199BBB266229D8000CF8A8 /* WelcomeFeedCard.xib */; };
		89199BC4266229D8000CF8A8 /* WelcomeFeedCard.swift in Sources */ = {isa = PBXBuildFile; fileRef = 89199BBC266229D8000CF8A8 /* WelcomeFeedCard.swift */; };
		89199BC5266229D8000CF8A8 /* WelcomeFeedVC.swift in Sources */ = {isa = PBXBuildFile; fileRef = 89199BBD266229D8000CF8A8 /* WelcomeFeedVC.swift */; };
		89231EEA265FABE90019224F /* StoryboardHelper.swift in Sources */ = {isa = PBXBuildFile; fileRef = 89231EE9265FABE90019224F /* StoryboardHelper.swift */; };
		899B516F265F57310078E896 /* SlideViewController.swift in Sources */ = {isa = PBXBuildFile; fileRef = 899B516E265F57310078E896 /* SlideViewController.swift */; };
		899B5172265F5A9B0078E896 /* SnapKit in Frameworks */ = {isa = PBXBuildFile; productRef = 899B5171265F5A9B0078E896 /* SnapKit */; };
		899B5174265F5B3A0078E896 /* SlideViewLayout.swift in Sources */ = {isa = PBXBuildFile; fileRef = 899B5173265F5B3A0078E896 /* SlideViewLayout.swift */; };
		899B5176265F6BF80078E896 /* SlideCollectionView.swift in Sources */ = {isa = PBXBuildFile; fileRef = 899B5175265F6BF80078E896 /* SlideCollectionView.swift */; };
		899B5178265F72180078E896 /* UIViewExtension.swift in Sources */ = {isa = PBXBuildFile; fileRef = 899B5177265F72180078E896 /* UIViewExtension.swift */; };
		899B517A265F780F0078E896 /* SlideCardCell.swift in Sources */ = {isa = PBXBuildFile; fileRef = 899B5179265F780F0078E896 /* SlideCardCell.swift */; };
		89AC9542265E28BE005605D5 /* Home.storyboard in Resources */ = {isa = PBXBuildFile; fileRef = 89AC9541265E28BE005605D5 /* Home.storyboard */; };
		89AC9546265E28E7005605D5 /* MapSearchViewController.swift in Sources */ = {isa = PBXBuildFile; fileRef = 89AC9545265E28E7005605D5 /* MapSearchViewController.swift */; };
		89AC9548265E28F5005605D5 /* MapSearch.storyboard in Resources */ = {isa = PBXBuildFile; fileRef = 89AC9547265E28F5005605D5 /* MapSearch.storyboard */; };
		A5277E9F265E1A6000D4122A /* AppDelegate.swift in Sources */ = {isa = PBXBuildFile; fileRef = A5277E9E265E1A6000D4122A /* AppDelegate.swift */; };
		A5277EA1265E1A6000D4122A /* SceneDelegate.swift in Sources */ = {isa = PBXBuildFile; fileRef = A5277EA0265E1A6000D4122A /* SceneDelegate.swift */; };
		A5277EA3265E1A6000D4122A /* ViewController.swift in Sources */ = {isa = PBXBuildFile; fileRef = A5277EA2265E1A6000D4122A /* ViewController.swift */; };
		A5277EA6265E1A6000D4122A /* Main.storyboard in Resources */ = {isa = PBXBuildFile; fileRef = A5277EA4265E1A6000D4122A /* Main.storyboard */; };
		A5277EA8265E1A6200D4122A /* Assets.xcassets in Resources */ = {isa = PBXBuildFile; fileRef = A5277EA7265E1A6200D4122A /* Assets.xcassets */; };
		A5277EAB265E1A6200D4122A /* LaunchScreen.storyboard in Resources */ = {isa = PBXBuildFile; fileRef = A5277EA9265E1A6200D4122A /* LaunchScreen.storyboard */; };
		A5277EC2265E1D4100D4122A /* Bbangtour.storyboard in Resources */ = {isa = PBXBuildFile; fileRef = A5277EC1265E1D4100D4122A /* Bbangtour.storyboard */; };
		A5277EC5265E1D5200D4122A /* BbangtourViewController.swift in Sources */ = {isa = PBXBuildFile; fileRef = A5277EC4265E1D5200D4122A /* BbangtourViewController.swift */; };
		A5277ECC265E1DF500D4122A /* Bbangstagram.storyboard in Resources */ = {isa = PBXBuildFile; fileRef = A5277ECB265E1DF500D4122A /* Bbangstagram.storyboard */; };
		A5277ECF265E1E0200D4122A /* BbangstagramViewController.swift in Sources */ = {isa = PBXBuildFile; fileRef = A5277ECE265E1E0200D4122A /* BbangstagramViewController.swift */; };
		A5277ED8265E1ED400D4122A /* Bbangset.storyboard in Resources */ = {isa = PBXBuildFile; fileRef = A5277ED7265E1ED400D4122A /* Bbangset.storyboard */; };
		A5277EDB265E1EDE00D4122A /* BbangsetViewController.swift in Sources */ = {isa = PBXBuildFile; fileRef = A5277EDA265E1EDE00D4122A /* BbangsetViewController.swift */; };
/* End PBXBuildFile section */

/* Begin PBXFileReference section */
		89199BB4266229D8000CF8A8 /* BbangStarQuikLookVC.swift */ = {isa = PBXFileReference; fileEncoding = 4; lastKnownFileType = sourcecode.swift; path = BbangStarQuikLookVC.swift; sourceTree = "<group>"; };
		89199BB5266229D8000CF8A8 /* HomeViewController.swift */ = {isa = PBXFileReference; fileEncoding = 4; lastKnownFileType = sourcecode.swift; path = HomeViewController.swift; sourceTree = "<group>"; };
		89199BB6266229D8000CF8A8 /* WorldCupVC.swift */ = {isa = PBXFileReference; fileEncoding = 4; lastKnownFileType = sourcecode.swift; path = WorldCupVC.swift; sourceTree = "<group>"; };
		89199BB8266229D8000CF8A8 /* TourQuickLookVC.swift */ = {isa = PBXFileReference; fileEncoding = 4; lastKnownFileType = sourcecode.swift; path = TourQuickLookVC.swift; sourceTree = "<group>"; };
		89199BB9266229D8000CF8A8 /* SimpleMapView.swift */ = {isa = PBXFileReference; fileEncoding = 4; lastKnownFileType = sourcecode.swift; path = SimpleMapView.swift; sourceTree = "<group>"; };
		89199BBB266229D8000CF8A8 /* WelcomeFeedCard.xib */ = {isa = PBXFileReference; fileEncoding = 4; lastKnownFileType = file.xib; path = WelcomeFeedCard.xib; sourceTree = "<group>"; };
		89199BBC266229D8000CF8A8 /* WelcomeFeedCard.swift */ = {isa = PBXFileReference; fileEncoding = 4; lastKnownFileType = sourcecode.swift; path = WelcomeFeedCard.swift; sourceTree = "<group>"; };
		89199BBD266229D8000CF8A8 /* WelcomeFeedVC.swift */ = {isa = PBXFileReference; fileEncoding = 4; lastKnownFileType = sourcecode.swift; path = WelcomeFeedVC.swift; sourceTree = "<group>"; };
		89231EE9265FABE90019224F /* StoryboardHelper.swift */ = {isa = PBXFileReference; fileEncoding = 4; lastKnownFileType = sourcecode.swift; path = StoryboardHelper.swift; sourceTree = "<group>"; };
		899B516E265F57310078E896 /* SlideViewController.swift */ = {isa = PBXFileReference; lastKnownFileType = sourcecode.swift; path = SlideViewController.swift; sourceTree = "<group>"; };
		899B5173265F5B3A0078E896 /* SlideViewLayout.swift */ = {isa = PBXFileReference; lastKnownFileType = sourcecode.swift; path = SlideViewLayout.swift; sourceTree = "<group>"; };
		899B5175265F6BF80078E896 /* SlideCollectionView.swift */ = {isa = PBXFileReference; lastKnownFileType = sourcecode.swift; path = SlideCollectionView.swift; sourceTree = "<group>"; };
		899B5177265F72180078E896 /* UIViewExtension.swift */ = {isa = PBXFileReference; lastKnownFileType = sourcecode.swift; path = UIViewExtension.swift; sourceTree = "<group>"; };
		899B5179265F780F0078E896 /* SlideCardCell.swift */ = {isa = PBXFileReference; lastKnownFileType = sourcecode.swift; path = SlideCardCell.swift; sourceTree = "<group>"; };
		89AC9541265E28BE005605D5 /* Home.storyboard */ = {isa = PBXFileReference; lastKnownFileType = file.storyboard; path = Home.storyboard; sourceTree = "<group>"; };
		89AC9545265E28E7005605D5 /* MapSearchViewController.swift */ = {isa = PBXFileReference; lastKnownFileType = sourcecode.swift; path = MapSearchViewController.swift; sourceTree = "<group>"; };
		89AC9547265E28F5005605D5 /* MapSearch.storyboard */ = {isa = PBXFileReference; lastKnownFileType = file.storyboard; path = MapSearch.storyboard; sourceTree = "<group>"; };
		A5277E9B265E1A6000D4122A /* Bbang.app */ = {isa = PBXFileReference; explicitFileType = wrapper.application; includeInIndex = 0; path = Bbang.app; sourceTree = BUILT_PRODUCTS_DIR; };
		A5277E9E265E1A6000D4122A /* AppDelegate.swift */ = {isa = PBXFileReference; lastKnownFileType = sourcecode.swift; path = AppDelegate.swift; sourceTree = "<group>"; };
		A5277EA0265E1A6000D4122A /* SceneDelegate.swift */ = {isa = PBXFileReference; lastKnownFileType = sourcecode.swift; path = SceneDelegate.swift; sourceTree = "<group>"; };
		A5277EA2265E1A6000D4122A /* ViewController.swift */ = {isa = PBXFileReference; lastKnownFileType = sourcecode.swift; path = ViewController.swift; sourceTree = "<group>"; };
		A5277EA5265E1A6000D4122A /* Base */ = {isa = PBXFileReference; lastKnownFileType = file.storyboard; name = Base; path = Base.lproj/Main.storyboard; sourceTree = "<group>"; };
		A5277EA7265E1A6200D4122A /* Assets.xcassets */ = {isa = PBXFileReference; lastKnownFileType = folder.assetcatalog; path = Assets.xcassets; sourceTree = "<group>"; };
		A5277EAA265E1A6200D4122A /* Base */ = {isa = PBXFileReference; lastKnownFileType = file.storyboard; name = Base; path = Base.lproj/LaunchScreen.storyboard; sourceTree = "<group>"; };
		A5277EAC265E1A6200D4122A /* Info.plist */ = {isa = PBXFileReference; lastKnownFileType = text.plist.xml; path = Info.plist; sourceTree = "<group>"; };
		A5277EC1265E1D4100D4122A /* Bbangtour.storyboard */ = {isa = PBXFileReference; lastKnownFileType = file.storyboard; path = Bbangtour.storyboard; sourceTree = "<group>"; };
		A5277EC4265E1D5200D4122A /* BbangtourViewController.swift */ = {isa = PBXFileReference; lastKnownFileType = sourcecode.swift; path = BbangtourViewController.swift; sourceTree = "<group>"; };
		A5277ECB265E1DF500D4122A /* Bbangstagram.storyboard */ = {isa = PBXFileReference; lastKnownFileType = file.storyboard; path = Bbangstagram.storyboard; sourceTree = "<group>"; };
		A5277ECE265E1E0200D4122A /* BbangstagramViewController.swift */ = {isa = PBXFileReference; lastKnownFileType = sourcecode.swift; path = BbangstagramViewController.swift; sourceTree = "<group>"; };
		A5277ED7265E1ED400D4122A /* Bbangset.storyboard */ = {isa = PBXFileReference; lastKnownFileType = file.storyboard; path = Bbangset.storyboard; sourceTree = "<group>"; };
		A5277EDA265E1EDE00D4122A /* BbangsetViewController.swift */ = {isa = PBXFileReference; lastKnownFileType = sourcecode.swift; path = BbangsetViewController.swift; sourceTree = "<group>"; };
/* End PBXFileReference section */

/* Begin PBXFrameworksBuildPhase section */
		A5277E98265E1A6000D4122A /* Frameworks */ = {
			isa = PBXFrameworksBuildPhase;
			buildActionMask = 2147483647;
			files = (
				899B5172265F5A9B0078E896 /* SnapKit in Frameworks */,
			);
			runOnlyForDeploymentPostprocessing = 0;
		};
/* End PBXFrameworksBuildPhase section */

/* Begin PBXGroup section */
		89199BB3266229D8000CF8A8 /* ViewControllers */ = {
			isa = PBXGroup;
			children = (
				89199BB4266229D8000CF8A8 /* BbangStarQuikLookVC.swift */,
				89199BB5266229D8000CF8A8 /* HomeViewController.swift */,
				89199BB6266229D8000CF8A8 /* WorldCupVC.swift */,
			);
			path = ViewControllers;
			sourceTree = "<group>";
		};
		89199BB7266229D8000CF8A8 /* Tour */ = {
			isa = PBXGroup;
			children = (
				89199BB8266229D8000CF8A8 /* TourQuickLookVC.swift */,
				89199BB9266229D8000CF8A8 /* SimpleMapView.swift */,
			);
			path = Tour;
			sourceTree = "<group>";
		};
		89199BBA266229D8000CF8A8 /* WelcomeFeed */ = {
			isa = PBXGroup;
			children = (
				89199BBB266229D8000CF8A8 /* WelcomeFeedCard.xib */,
				89199BBC266229D8000CF8A8 /* WelcomeFeedCard.swift */,
				89199BBD266229D8000CF8A8 /* WelcomeFeedVC.swift */,
			);
			path = WelcomeFeed;
			sourceTree = "<group>";
		};
		899B516C265F56FA0078E896 /* Helper */ = {
			isa = PBXGroup;
			children = (
				899B516D265F570A0078E896 /* UI */,
			);
			path = Helper;
			sourceTree = "<group>";
		};
		899B516D265F570A0078E896 /* UI */ = {
			isa = PBXGroup;
			children = (
				89231EE9265FABE90019224F /* StoryboardHelper.swift */,
				899B516E265F57310078E896 /* SlideViewController.swift */,
				899B5179265F780F0078E896 /* SlideCardCell.swift */,
				899B5177265F72180078E896 /* UIViewExtension.swift */,
				899B5175265F6BF80078E896 /* SlideCollectionView.swift */,
				899B5173265F5B3A0078E896 /* SlideViewLayout.swift */,
			);
			path = UI;
			sourceTree = "<group>";
		};
		A5277E92265E1A6000D4122A = {
			isa = PBXGroup;
			children = (
				A5277E9D265E1A6000D4122A /* Bbang */,
				A5277E9C265E1A6000D4122A /* Products */,
			);
			sourceTree = "<group>";
		};
		A5277E9C265E1A6000D4122A /* Products */ = {
			isa = PBXGroup;
			children = (
				A5277E9B265E1A6000D4122A /* Bbang.app */,
			);
			name = Products;
			sourceTree = "<group>";
		};
		A5277E9D265E1A6000D4122A /* Bbang */ = {
			isa = PBXGroup;
			children = (
				A5277E9E265E1A6000D4122A /* AppDelegate.swift */,
				A5277EA0265E1A6000D4122A /* SceneDelegate.swift */,
				A5277EA2265E1A6000D4122A /* ViewController.swift */,
				A5277EA4265E1A6000D4122A /* Main.storyboard */,
				A5277EA7265E1A6200D4122A /* Assets.xcassets */,
				A5277EA9265E1A6200D4122A /* LaunchScreen.storyboard */,
				A5277EAC265E1A6200D4122A /* Info.plist */,
				A5277EB6265E1A9700D4122A /* 빵지순례 */,
				A5277EB5265E1A9000D4122A /* 빵스타그램 */,
				A5277EB7265E1A9E00D4122A /* 메인 */,
				899B516C265F56FA0078E896 /* Helper */,
				A5277EB4265E1A7C00D4122A /* 주변빵집검색 */,
				A5277EB3265E1A7800D4122A /* 설정 */,
			);
			path = Bbang;
			sourceTree = "<group>";
		};
		A5277EB3265E1A7800D4122A /* 설정 */ = {
			isa = PBXGroup;
			children = (
				A5277ED7265E1ED400D4122A /* Bbangset.storyboard */,
				A5277EDA265E1EDE00D4122A /* BbangsetViewController.swift */,
			);
			name = "설정";
			path = "설정";
			sourceTree = "<group>";
		};
		A5277EB4265E1A7C00D4122A /* 주변빵집검색 */ = {
			isa = PBXGroup;
			children = (
				89AC9545265E28E7005605D5 /* MapSearchViewController.swift */,
				89AC9547265E28F5005605D5 /* MapSearch.storyboard */,
			);
			name = "주변빵집검색";
			path = "주변빵집검색";
			sourceTree = "<group>";
		};
		A5277EB5265E1A9000D4122A /* 빵스타그램 */ = {
			isa = PBXGroup;
			children = (
				A5277ECB265E1DF500D4122A /* Bbangstagram.storyboard */,
				A5277ECE265E1E0200D4122A /* BbangstagramViewController.swift */,
			);
			name = "빵스타그램";
			path = "빵스타그램";
			sourceTree = "<group>";
		};
		A5277EB6265E1A9700D4122A /* 빵지순례 */ = {
			isa = PBXGroup;
			children = (
				A5277EC1265E1D4100D4122A /* Bbangtour.storyboard */,
				A5277EC4265E1D5200D4122A /* BbangtourViewController.swift */,
			);
			name = "빵지순례";
			path = "빵지순례";
			sourceTree = "<group>";
		};
		A5277EB7265E1A9E00D4122A /* 메인 */ = {
			isa = PBXGroup;
			children = (
				89AC9541265E28BE005605D5 /* Home.storyboard */,
				89199BB7266229D8000CF8A8 /* Tour */,
				89199BB3266229D8000CF8A8 /* ViewControllers */,
				89199BBA266229D8000CF8A8 /* WelcomeFeed */,
			);
			name = "메인";
			path = "메인";
			sourceTree = "<group>";
		};
/* End PBXGroup section */

/* Begin PBXNativeTarget section */
		A5277E9A265E1A6000D4122A /* Bbang */ = {
			isa = PBXNativeTarget;
			buildConfigurationList = A5277EAF265E1A6200D4122A /* Build configuration list for PBXNativeTarget "Bbang" */;
			buildPhases = (
				A5277E97265E1A6000D4122A /* Sources */,
				A5277E98265E1A6000D4122A /* Frameworks */,
				A5277E99265E1A6000D4122A /* Resources */,
			);
			buildRules = (
			);
			dependencies = (
			);
			name = Bbang;
			packageProductDependencies = (
				899B5171265F5A9B0078E896 /* SnapKit */,
			);
			productName = Bbang;
			productReference = A5277E9B265E1A6000D4122A /* Bbang.app */;
			productType = "com.apple.product-type.application";
		};
/* End PBXNativeTarget section */

/* Begin PBXProject section */
		A5277E93265E1A6000D4122A /* Project object */ = {
			isa = PBXProject;
			attributes = {
				LastSwiftUpdateCheck = 1240;
				LastUpgradeCheck = 1240;
				TargetAttributes = {
					A5277E9A265E1A6000D4122A = {
						CreatedOnToolsVersion = 12.4;
					};
				};
			};
			buildConfigurationList = A5277E96265E1A6000D4122A /* Build configuration list for PBXProject "Bbang" */;
			compatibilityVersion = "Xcode 9.3";
			developmentRegion = en;
			hasScannedForEncodings = 0;
			knownRegions = (
				en,
				Base,
			);
			mainGroup = A5277E92265E1A6000D4122A;
			packageReferences = (
				899B5170265F5A9B0078E896 /* XCRemoteSwiftPackageReference "SnapKit" */,
			);
			productRefGroup = A5277E9C265E1A6000D4122A /* Products */;
			projectDirPath = "";
			projectRoot = "";
			targets = (
				A5277E9A265E1A6000D4122A /* Bbang */,
			);
		};
/* End PBXProject section */

/* Begin PBXResourcesBuildPhase section */
		A5277E99265E1A6000D4122A /* Resources */ = {
			isa = PBXResourcesBuildPhase;
			buildActionMask = 2147483647;
			files = (
				89AC9542265E28BE005605D5 /* Home.storyboard in Resources */,
				A5277ED8265E1ED400D4122A /* Bbangset.storyboard in Resources */,
				A5277EC2265E1D4100D4122A /* Bbangtour.storyboard in Resources */,
				A5277EAB265E1A6200D4122A /* LaunchScreen.storyboard in Resources */,
				A5277EA8265E1A6200D4122A /* Assets.xcassets in Resources */,
				A5277EA6265E1A6000D4122A /* Main.storyboard in Resources */,
				A5277ECC265E1DF500D4122A /* Bbangstagram.storyboard in Resources */,
				89199BC3266229D8000CF8A8 /* WelcomeFeedCard.xib in Resources */,
				89AC9548265E28F5005605D5 /* MapSearch.storyboard in Resources */,
			);
			runOnlyForDeploymentPostprocessing = 0;
		};
/* End PBXResourcesBuildPhase section */

/* Begin PBXSourcesBuildPhase section */
		A5277E97265E1A6000D4122A /* Sources */ = {
			isa = PBXSourcesBuildPhase;
			buildActionMask = 2147483647;
			files = (
				A5277ECF265E1E0200D4122A /* BbangstagramViewController.swift in Sources */,
				A5277EC5265E1D5200D4122A /* BbangtourViewController.swift in Sources */,
				899B5174265F5B3A0078E896 /* SlideViewLayout.swift in Sources */,
				899B516F265F57310078E896 /* SlideViewController.swift in Sources */,
				89199BC0266229D8000CF8A8 /* WorldCupVC.swift in Sources */,
				A5277EA3265E1A6000D4122A /* ViewController.swift in Sources */,
				89199BBF266229D8000CF8A8 /* HomeViewController.swift in Sources */,
				89AC9546265E28E7005605D5 /* MapSearchViewController.swift in Sources */,
				899B5178265F72180078E896 /* UIViewExtension.swift in Sources */,
				A5277EDB265E1EDE00D4122A /* BbangsetViewController.swift in Sources */,
				89199BBE266229D8000CF8A8 /* BbangStarQuikLookVC.swift in Sources */,
				899B5176265F6BF80078E896 /* SlideCollectionView.swift in Sources */,
				89231EEA265FABE90019224F /* StoryboardHelper.swift in Sources */,
				89199BC2266229D8000CF8A8 /* SimpleMapView.swift in Sources */,
				89199BC1266229D8000CF8A8 /* TourQuickLookVC.swift in Sources */,
				89199BC5266229D8000CF8A8 /* WelcomeFeedVC.swift in Sources */,
				89199BC4266229D8000CF8A8 /* WelcomeFeedCard.swift in Sources */,
				A5277E9F265E1A6000D4122A /* AppDelegate.swift in Sources */,
				899B517A265F780F0078E896 /* SlideCardCell.swift in Sources */,
				A5277EA1265E1A6000D4122A /* SceneDelegate.swift in Sources */,
			);
			runOnlyForDeploymentPostprocessing = 0;
		};
/* End PBXSourcesBuildPhase section */

/* Begin PBXVariantGroup section */
		A5277EA4265E1A6000D4122A /* Main.storyboard */ = {
			isa = PBXVariantGroup;
			children = (
				A5277EA5265E1A6000D4122A /* Base */,
			);
			name = Main.storyboard;
			sourceTree = "<group>";
		};
		A5277EA9265E1A6200D4122A /* LaunchScreen.storyboard */ = {
			isa = PBXVariantGroup;
			children = (
				A5277EAA265E1A6200D4122A /* Base */,
			);
			name = LaunchScreen.storyboard;
			sourceTree = "<group>";
		};
/* End PBXVariantGroup section */

/* Begin XCBuildConfiguration section */
		A5277EAD265E1A6200D4122A /* Debug */ = {
			isa = XCBuildConfiguration;
			buildSettings = {
				ALWAYS_SEARCH_USER_PATHS = NO;
				CLANG_ANALYZER_NONNULL = YES;
				CLANG_ANALYZER_NUMBER_OBJECT_CONVERSION = YES_AGGRESSIVE;
				CLANG_CXX_LANGUAGE_STANDARD = "gnu++14";
				CLANG_CXX_LIBRARY = "libc++";
				CLANG_ENABLE_MODULES = YES;
				CLANG_ENABLE_OBJC_ARC = YES;
				CLANG_ENABLE_OBJC_WEAK = YES;
				CLANG_WARN_BLOCK_CAPTURE_AUTORELEASING = YES;
				CLANG_WARN_BOOL_CONVERSION = YES;
				CLANG_WARN_COMMA = YES;
				CLANG_WARN_CONSTANT_CONVERSION = YES;
				CLANG_WARN_DEPRECATED_OBJC_IMPLEMENTATIONS = YES;
				CLANG_WARN_DIRECT_OBJC_ISA_USAGE = YES_ERROR;
				CLANG_WARN_DOCUMENTATION_COMMENTS = YES;
				CLANG_WARN_EMPTY_BODY = YES;
				CLANG_WARN_ENUM_CONVERSION = YES;
				CLANG_WARN_INFINITE_RECURSION = YES;
				CLANG_WARN_INT_CONVERSION = YES;
				CLANG_WARN_NON_LITERAL_NULL_CONVERSION = YES;
				CLANG_WARN_OBJC_IMPLICIT_RETAIN_SELF = YES;
				CLANG_WARN_OBJC_LITERAL_CONVERSION = YES;
				CLANG_WARN_OBJC_ROOT_CLASS = YES_ERROR;
				CLANG_WARN_QUOTED_INCLUDE_IN_FRAMEWORK_HEADER = YES;
				CLANG_WARN_RANGE_LOOP_ANALYSIS = YES;
				CLANG_WARN_STRICT_PROTOTYPES = YES;
				CLANG_WARN_SUSPICIOUS_MOVE = YES;
				CLANG_WARN_UNGUARDED_AVAILABILITY = YES_AGGRESSIVE;
				CLANG_WARN_UNREACHABLE_CODE = YES;
				CLANG_WARN__DUPLICATE_METHOD_MATCH = YES;
				COPY_PHASE_STRIP = NO;
				DEBUG_INFORMATION_FORMAT = dwarf;
				ENABLE_STRICT_OBJC_MSGSEND = YES;
				ENABLE_TESTABILITY = YES;
				GCC_C_LANGUAGE_STANDARD = gnu11;
				GCC_DYNAMIC_NO_PIC = NO;
				GCC_NO_COMMON_BLOCKS = YES;
				GCC_OPTIMIZATION_LEVEL = 0;
				GCC_PREPROCESSOR_DEFINITIONS = (
					"DEBUG=1",
					"$(inherited)",
				);
				GCC_WARN_64_TO_32_BIT_CONVERSION = YES;
				GCC_WARN_ABOUT_RETURN_TYPE = YES_ERROR;
				GCC_WARN_UNDECLARED_SELECTOR = YES;
				GCC_WARN_UNINITIALIZED_AUTOS = YES_AGGRESSIVE;
				GCC_WARN_UNUSED_FUNCTION = YES;
				GCC_WARN_UNUSED_VARIABLE = YES;
				IPHONEOS_DEPLOYMENT_TARGET = 14.4;
				MTL_ENABLE_DEBUG_INFO = INCLUDE_SOURCE;
				MTL_FAST_MATH = YES;
				ONLY_ACTIVE_ARCH = YES;
				SDKROOT = iphoneos;
				SWIFT_ACTIVE_COMPILATION_CONDITIONS = DEBUG;
				SWIFT_OPTIMIZATION_LEVEL = "-Onone";
			};
			name = Debug;
		};
		A5277EAE265E1A6200D4122A /* Release */ = {
			isa = XCBuildConfiguration;
			buildSettings = {
				ALWAYS_SEARCH_USER_PATHS = NO;
				CLANG_ANALYZER_NONNULL = YES;
				CLANG_ANALYZER_NUMBER_OBJECT_CONVERSION = YES_AGGRESSIVE;
				CLANG_CXX_LANGUAGE_STANDARD = "gnu++14";
				CLANG_CXX_LIBRARY = "libc++";
				CLANG_ENABLE_MODULES = YES;
				CLANG_ENABLE_OBJC_ARC = YES;
				CLANG_ENABLE_OBJC_WEAK = YES;
				CLANG_WARN_BLOCK_CAPTURE_AUTORELEASING = YES;
				CLANG_WARN_BOOL_CONVERSION = YES;
				CLANG_WARN_COMMA = YES;
				CLANG_WARN_CONSTANT_CONVERSION = YES;
				CLANG_WARN_DEPRECATED_OBJC_IMPLEMENTATIONS = YES;
				CLANG_WARN_DIRECT_OBJC_ISA_USAGE = YES_ERROR;
				CLANG_WARN_DOCUMENTATION_COMMENTS = YES;
				CLANG_WARN_EMPTY_BODY = YES;
				CLANG_WARN_ENUM_CONVERSION = YES;
				CLANG_WARN_INFINITE_RECURSION = YES;
				CLANG_WARN_INT_CONVERSION = YES;
				CLANG_WARN_NON_LITERAL_NULL_CONVERSION = YES;
				CLANG_WARN_OBJC_IMPLICIT_RETAIN_SELF = YES;
				CLANG_WARN_OBJC_LITERAL_CONVERSION = YES;
				CLANG_WARN_OBJC_ROOT_CLASS = YES_ERROR;
				CLANG_WARN_QUOTED_INCLUDE_IN_FRAMEWORK_HEADER = YES;
				CLANG_WARN_RANGE_LOOP_ANALYSIS = YES;
				CLANG_WARN_STRICT_PROTOTYPES = YES;
				CLANG_WARN_SUSPICIOUS_MOVE = YES;
				CLANG_WARN_UNGUARDED_AVAILABILITY = YES_AGGRESSIVE;
				CLANG_WARN_UNREACHABLE_CODE = YES;
				CLANG_WARN__DUPLICATE_METHOD_MATCH = YES;
				COPY_PHASE_STRIP = NO;
				DEBUG_INFORMATION_FORMAT = "dwarf-with-dsym";
				ENABLE_NS_ASSERTIONS = NO;
				ENABLE_STRICT_OBJC_MSGSEND = YES;
				GCC_C_LANGUAGE_STANDARD = gnu11;
				GCC_NO_COMMON_BLOCKS = YES;
				GCC_WARN_64_TO_32_BIT_CONVERSION = YES;
				GCC_WARN_ABOUT_RETURN_TYPE = YES_ERROR;
				GCC_WARN_UNDECLARED_SELECTOR = YES;
				GCC_WARN_UNINITIALIZED_AUTOS = YES_AGGRESSIVE;
				GCC_WARN_UNUSED_FUNCTION = YES;
				GCC_WARN_UNUSED_VARIABLE = YES;
				IPHONEOS_DEPLOYMENT_TARGET = 14.4;
				MTL_ENABLE_DEBUG_INFO = NO;
				MTL_FAST_MATH = YES;
				SDKROOT = iphoneos;
				SWIFT_COMPILATION_MODE = wholemodule;
				SWIFT_OPTIMIZATION_LEVEL = "-O";
				VALIDATE_PRODUCT = YES;
			};
			name = Release;
		};
		A5277EB0265E1A6200D4122A /* Debug */ = {
			isa = XCBuildConfiguration;
			buildSettings = {
				ASSETCATALOG_COMPILER_APPICON_NAME = AppIcon;
				ASSETCATALOG_COMPILER_GLOBAL_ACCENT_COLOR_NAME = AccentColor;
				CODE_SIGN_STYLE = Automatic;
				DEVELOPMENT_TEAM = 96XCF965VW;
				INFOPLIST_FILE = Bbang/Info.plist;
				LD_RUNPATH_SEARCH_PATHS = (
					"$(inherited)",
					"@executable_path/Frameworks",
				);
				PRODUCT_BUNDLE_IDENTIFIER = com.bbangTeam.Bbang;
				PRODUCT_NAME = "$(TARGET_NAME)";
				SWIFT_VERSION = 5.0;
				TARGETED_DEVICE_FAMILY = "1,2";
			};
			name = Debug;
		};
		A5277EB1265E1A6200D4122A /* Release */ = {
			isa = XCBuildConfiguration;
			buildSettings = {
				ASSETCATALOG_COMPILER_APPICON_NAME = AppIcon;
				ASSETCATALOG_COMPILER_GLOBAL_ACCENT_COLOR_NAME = AccentColor;
				CODE_SIGN_STYLE = Automatic;
				DEVELOPMENT_TEAM = 96XCF965VW;
				INFOPLIST_FILE = Bbang/Info.plist;
				LD_RUNPATH_SEARCH_PATHS = (
					"$(inherited)",
					"@executable_path/Frameworks",
				);
				PRODUCT_BUNDLE_IDENTIFIER = com.bbangTeam.Bbang;
				PRODUCT_NAME = "$(TARGET_NAME)";
				SWIFT_VERSION = 5.0;
				TARGETED_DEVICE_FAMILY = "1,2";
			};
			name = Release;
		};
/* End XCBuildConfiguration section */

/* Begin XCConfigurationList section */
		A5277E96265E1A6000D4122A /* Build configuration list for PBXProject "Bbang" */ = {
			isa = XCConfigurationList;
			buildConfigurations = (
				A5277EAD265E1A6200D4122A /* Debug */,
				A5277EAE265E1A6200D4122A /* Release */,
			);
			defaultConfigurationIsVisible = 0;
			defaultConfigurationName = Release;
		};
		A5277EAF265E1A6200D4122A /* Build configuration list for PBXNativeTarget "Bbang" */ = {
			isa = XCConfigurationList;
			buildConfigurations = (
				A5277EB0265E1A6200D4122A /* Debug */,
				A5277EB1265E1A6200D4122A /* Release */,
			);
			defaultConfigurationIsVisible = 0;
			defaultConfigurationName = Release;
		};
/* End XCConfigurationList section */

/* Begin XCRemoteSwiftPackageReference section */
		899B5170265F5A9B0078E896 /* XCRemoteSwiftPackageReference "SnapKit" */ = {
			isa = XCRemoteSwiftPackageReference;
			repositoryURL = "https://github.com/SnapKit/SnapKit";
			requirement = {
				kind = upToNextMajorVersion;
				minimumVersion = 5.0.1;
			};
		};
/* End XCRemoteSwiftPackageReference section */

/* Begin XCSwiftPackageProductDependency section */
		899B5171265F5A9B0078E896 /* SnapKit */ = {
			isa = XCSwiftPackageProductDependency;
			package = 899B5170265F5A9B0078E896 /* XCRemoteSwiftPackageReference "SnapKit" */;
			productName = SnapKit;
		};
/* End XCSwiftPackageProductDependency section */
	};
	rootObject = A5277E93265E1A6000D4122A /* Project object */;
}
