// !$*UTF8*$!
{
	archiveVersion = 1;
	classes = {
	};
	objectVersion = 52;
	objects = {

/* Begin PBXBuildFile section */
		89044B702663562500254E9A /* LocationGather.swift in Sources */ = {isa = PBXBuildFile; fileRef = 89044B6F2663562500254E9A /* LocationGather.swift */; };
		8910C372267604B100C45DCD /* Area.swift in Sources */ = {isa = PBXBuildFile; fileRef = 8910C371267604B100C45DCD /* Area.swift */; };
		89199BC0266229D8000CF8A8 /* WorldCupVC.swift in Sources */ = {isa = PBXBuildFile; fileRef = 89199BB6266229D8000CF8A8 /* WorldCupVC.swift */; };
		89199BC1266229D8000CF8A8 /* TourQuickLookVC.swift in Sources */ = {isa = PBXBuildFile; fileRef = 89199BB8266229D8000CF8A8 /* TourQuickLookVC.swift */; };
		89199BC2266229D8000CF8A8 /* CompleteMapView.swift in Sources */ = {isa = PBXBuildFile; fileRef = 89199BB9266229D8000CF8A8 /* CompleteMapView.swift */; };
		89199BC3266229D8000CF8A8 /* WelcomeFeedCard.xib in Resources */ = {isa = PBXBuildFile; fileRef = 89199BBB266229D8000CF8A8 /* WelcomeFeedCard.xib */; };
		89199BC5266229D8000CF8A8 /* WelcomeFeedVC.swift in Sources */ = {isa = PBXBuildFile; fileRef = 89199BBD266229D8000CF8A8 /* WelcomeFeedVC.swift */; };
		89231EEA265FABE90019224F /* Storyboard.swift in Sources */ = {isa = PBXBuildFile; fileRef = 89231EE9265FABE90019224F /* Storyboard.swift */; };
		893A5BBE266E0B120007710B /* NotoSansCJKkr-Medium.otf in Resources */ = {isa = PBXBuildFile; fileRef = 893A5BBC266E0B120007710B /* NotoSansCJKkr-Medium.otf */; };
		893A5BBF266E0B120007710B /* NotoSansCJKkr-Bold.otf in Resources */ = {isa = PBXBuildFile; fileRef = 893A5BBD266E0B120007710B /* NotoSansCJKkr-Bold.otf */; };
		893A5BC1266E10060007710B /* ResizedPageControl.swift in Sources */ = {isa = PBXBuildFile; fileRef = 893A5BC0266E10060007710B /* ResizedPageControl.swift */; };
		8941A3FA26624B5C007F1405 /* PushToOtherTap.swift in Sources */ = {isa = PBXBuildFile; fileRef = 8941A3F926624B5C007F1405 /* PushToOtherTap.swift */; };
		8941A3FC266252A6007F1405 /* BottomSheet.xib in Resources */ = {isa = PBXBuildFile; fileRef = 8941A3FB266252A6007F1405 /* BottomSheet.xib */; };
		8941A3FE26625363007F1405 /* BottomSheetVC.swift in Sources */ = {isa = PBXBuildFile; fileRef = 8941A3FD26625363007F1405 /* BottomSheetVC.swift */; };
		894B0372266B2F500022985F /* WorldCupPreview.xib in Resources */ = {isa = PBXBuildFile; fileRef = 894B0371266B2F500022985F /* WorldCupPreview.xib */; };
		89562F30266B340E00868E9D /* WorldCupPreview.swift in Sources */ = {isa = PBXBuildFile; fileRef = 89562F2F266B340E00868E9D /* WorldCupPreview.swift */; };
		8968110B26638734001C1E3C /* StoreAnnotation.swift in Sources */ = {isa = PBXBuildFile; fileRef = 8968110A26638734001C1E3C /* StoreAnnotation.swift */; };
		89690679266DD07E007C56A5 /* DesignConstant.swift in Sources */ = {isa = PBXBuildFile; fileRef = 89690678266DD07E007C56A5 /* DesignConstant.swift */; };
		8976069C267896970016A5F2 /* UrlQueryItem.swift in Sources */ = {isa = PBXBuildFile; fileRef = 8976069B267896970016A5F2 /* UrlQueryItem.swift */; };
		89863660266A1D630071BC7F /* BbangStarQuikLookVC.swift in Sources */ = {isa = PBXBuildFile; fileRef = 8986365D266A1D620071BC7F /* BbangStarQuikLookVC.swift */; };
		89863661266A1D630071BC7F /* HomeViewController.swift in Sources */ = {isa = PBXBuildFile; fileRef = 8986365E266A1D620071BC7F /* HomeViewController.swift */; };
		89863662266A1D630071BC7F /* Home.storyboard in Resources */ = {isa = PBXBuildFile; fileRef = 8986365F266A1D620071BC7F /* Home.storyboard */; };
		89863664266A60F20071BC7F /* CGPoint.swift in Sources */ = {isa = PBXBuildFile; fileRef = 89863663266A60F20071BC7F /* CGPoint.swift */; };
		898675C8267994A00096C4F9 /* StoreInfo.swift in Sources */ = {isa = PBXBuildFile; fileRef = 898675C7267994A00096C4F9 /* StoreInfo.swift */; };
		898675CA2679B39E0096C4F9 /* SafeAreaInsets.swift in Sources */ = {isa = PBXBuildFile; fileRef = 898675C92679B39E0096C4F9 /* SafeAreaInsets.swift */; };
		898675CC267A08910096C4F9 /* SearchResultView.swift in Sources */ = {isa = PBXBuildFile; fileRef = 898675CB267A08910096C4F9 /* SearchResultView.swift */; };
		898675CE267A0ABC0096C4F9 /* MapSearchController.swift in Sources */ = {isa = PBXBuildFile; fileRef = 898675CD267A0ABC0096C4F9 /* MapSearchController.swift */; };
		898675D0267AC44F0096C4F9 /* RatingStar.swift in Sources */ = {isa = PBXBuildFile; fileRef = 898675CF267AC44F0096C4F9 /* RatingStar.swift */; };
		898C18D8266DEA360046950D /* UIColor.swift in Sources */ = {isa = PBXBuildFile; fileRef = 898C18D7266DEA360046950D /* UIColor.swift */; };
		899AFBA5266DC47600F43A00 /* WelcomeFeedCard.swift in Sources */ = {isa = PBXBuildFile; fileRef = 899AFBA4266DC47600F43A00 /* WelcomeFeedCard.swift */; };
		899AFBAA266DC90E00F43A00 /* NotoSansCJKkr-Regular.otf in Resources */ = {isa = PBXBuildFile; fileRef = 899AFBA9266DC90E00F43A00 /* NotoSansCJKkr-Regular.otf */; };
		899B516F265F57310078E896 /* SlideViewController.swift in Sources */ = {isa = PBXBuildFile; fileRef = 899B516E265F57310078E896 /* SlideViewController.swift */; };
		899B5172265F5A9B0078E896 /* SnapKit in Frameworks */ = {isa = PBXBuildFile; productRef = 899B5171265F5A9B0078E896 /* SnapKit */; };
		899B5174265F5B3A0078E896 /* SlideViewLayout.swift in Sources */ = {isa = PBXBuildFile; fileRef = 899B5173265F5B3A0078E896 /* SlideViewLayout.swift */; };
		899B5176265F6BF80078E896 /* SlideCollectionView.swift in Sources */ = {isa = PBXBuildFile; fileRef = 899B5175265F6BF80078E896 /* SlideCollectionView.swift */; };
		899B5178265F72180078E896 /* UIView.swift in Sources */ = {isa = PBXBuildFile; fileRef = 899B5177265F72180078E896 /* UIView.swift */; };
		899B517A265F780F0078E896 /* SlideCardCell.swift in Sources */ = {isa = PBXBuildFile; fileRef = 899B5179265F780F0078E896 /* SlideCardCell.swift */; };
		89AC9546265E28E7005605D5 /* MapSearchViewController.swift in Sources */ = {isa = PBXBuildFile; fileRef = 89AC9545265E28E7005605D5 /* MapSearchViewController.swift */; };
		89AC9548265E28F5005605D5 /* MapSearch.storyboard in Resources */ = {isa = PBXBuildFile; fileRef = 89AC9547265E28F5005605D5 /* MapSearch.storyboard */; };
		89B6BF51266286DE004BF17E /* ContainSheet.swift in Sources */ = {isa = PBXBuildFile; fileRef = 89B6BF50266286DE004BF17E /* ContainSheet.swift */; };
		89B6BF5326628939004BF17E /* Collapsable.swift in Sources */ = {isa = PBXBuildFile; fileRef = 89B6BF5226628939004BF17E /* Collapsable.swift */; };
		89C4F85B266A07E000D0138F /* BubbleScene.swift in Sources */ = {isa = PBXBuildFile; fileRef = 89C4F85A266A07E000D0138F /* BubbleScene.swift */; };
		89C4F85D266A0EDA00D0138F /* BubbleNode.swift in Sources */ = {isa = PBXBuildFile; fileRef = 89C4F85C266A0EDA00D0138F /* BubbleNode.swift */; };
		89C678FE2675B57500D8F4F9 /* SDWebImage in Frameworks */ = {isa = PBXBuildFile; productRef = 89C678FD2675B57500D8F4F9 /* SDWebImage */; };
		89F2369A267508BF0054CE62 /* ServerDataOperator.swift in Sources */ = {isa = PBXBuildFile; fileRef = 89F23699267508BF0054CE62 /* ServerDataOperator.swift */; };
		89F2369C267509F00054CE62 /* FileManager.swift in Sources */ = {isa = PBXBuildFile; fileRef = 89F2369B267509EF0054CE62 /* FileManager.swift */; };
		89F2369E26750A140054CE62 /* Future&Promise.swift in Sources */ = {isa = PBXBuildFile; fileRef = 89F2369D26750A140054CE62 /* Future&Promise.swift */; };
		89F44930266C77FD0083704B /* WorldcupWinnerView.xib in Resources */ = {isa = PBXBuildFile; fileRef = 89F4492F266C77FD0083704B /* WorldcupWinnerView.xib */; };
		89F44932266C79F80083704B /* WorldcupWinnerView.swift in Sources */ = {isa = PBXBuildFile; fileRef = 89F44931266C79F80083704B /* WorldcupWinnerView.swift */; };
		A5277E9F265E1A6000D4122A /* AppDelegate.swift in Sources */ = {isa = PBXBuildFile; fileRef = A5277E9E265E1A6000D4122A /* AppDelegate.swift */; };
		A5277EA1265E1A6000D4122A /* SceneDelegate.swift in Sources */ = {isa = PBXBuildFile; fileRef = A5277EA0265E1A6000D4122A /* SceneDelegate.swift */; };
		A5277EA3265E1A6000D4122A /* ViewController.swift in Sources */ = {isa = PBXBuildFile; fileRef = A5277EA2265E1A6000D4122A /* ViewController.swift */; };
		A5277EA6265E1A6000D4122A /* Main.storyboard in Resources */ = {isa = PBXBuildFile; fileRef = A5277EA4265E1A6000D4122A /* Main.storyboard */; };
		A5277EA8265E1A6200D4122A /* Assets.xcassets in Resources */ = {isa = PBXBuildFile; fileRef = A5277EA7265E1A6200D4122A /* Assets.xcassets */; };
		A5277EAB265E1A6200D4122A /* LaunchScreen.storyboard in Resources */ = {isa = PBXBuildFile; fileRef = A5277EA9265E1A6200D4122A /* LaunchScreen.storyboard */; };
		A5277EC2265E1D4100D4122A /* Bbangtour.storyboard in Resources */ = {isa = PBXBuildFile; fileRef = A5277EC1265E1D4100D4122A /* Bbangtour.storyboard */; };
		A5277EC5265E1D5200D4122A /* BbangtourViewController.swift in Sources */ = {isa = PBXBuildFile; fileRef = A5277EC4265E1D5200D4122A /* BbangtourViewController.swift */; };
		A5277ECC265E1DF500D4122A /* Bbangstagram.storyboard in Resources */ = {isa = PBXBuildFile; fileRef = A5277ECB265E1DF500D4122A /* Bbangstagram.storyboard */; };
		A5277ECF265E1E0200D4122A /* BbangstagramViewController.swift in Sources */ = {isa = PBXBuildFile; fileRef = A5277ECE265E1E0200D4122A /* BbangstagramViewController.swift */; };
		A5277ED8265E1ED400D4122A /* Bbangset.storyboard in Resources */ = {isa = PBXBuildFile; fileRef = A5277ED7265E1ED400D4122A /* Bbangset.storyboard */; };
		A5277EDB265E1EDE00D4122A /* BbangsetViewController.swift in Sources */ = {isa = PBXBuildFile; fileRef = A5277EDA265E1EDE00D4122A /* BbangsetViewController.swift */; };
/* End PBXBuildFile section */

/* Begin PBXFileReference section */
		89044B6F2663562500254E9A /* LocationGather.swift */ = {isa = PBXFileReference; lastKnownFileType = sourcecode.swift; path = LocationGather.swift; sourceTree = "<group>"; };
		89044B71266369C400254E9A /* DummyLocation.gpx */ = {isa = PBXFileReference; lastKnownFileType = text.xml; path = DummyLocation.gpx; sourceTree = "<group>"; };
		8910C371267604B100C45DCD /* Area.swift */ = {isa = PBXFileReference; lastKnownFileType = sourcecode.swift; path = Area.swift; sourceTree = "<group>"; };
		89199BB6266229D8000CF8A8 /* WorldCupVC.swift */ = {isa = PBXFileReference; fileEncoding = 4; lastKnownFileType = sourcecode.swift; path = WorldCupVC.swift; sourceTree = "<group>"; };
		89199BB8266229D8000CF8A8 /* TourQuickLookVC.swift */ = {isa = PBXFileReference; fileEncoding = 4; lastKnownFileType = sourcecode.swift; path = TourQuickLookVC.swift; sourceTree = "<group>"; };
		89199BB9266229D8000CF8A8 /* CompleteMapView.swift */ = {isa = PBXFileReference; fileEncoding = 4; lastKnownFileType = sourcecode.swift; path = CompleteMapView.swift; sourceTree = "<group>"; };
		89199BBB266229D8000CF8A8 /* WelcomeFeedCard.xib */ = {isa = PBXFileReference; fileEncoding = 4; lastKnownFileType = file.xib; path = WelcomeFeedCard.xib; sourceTree = "<group>"; };
		89199BBD266229D8000CF8A8 /* WelcomeFeedVC.swift */ = {isa = PBXFileReference; fileEncoding = 4; lastKnownFileType = sourcecode.swift; path = WelcomeFeedVC.swift; sourceTree = "<group>"; };
		89231EE9265FABE90019224F /* Storyboard.swift */ = {isa = PBXFileReference; fileEncoding = 4; lastKnownFileType = sourcecode.swift; path = Storyboard.swift; sourceTree = "<group>"; };
		893A5BBC266E0B120007710B /* NotoSansCJKkr-Medium.otf */ = {isa = PBXFileReference; lastKnownFileType = file; path = "NotoSansCJKkr-Medium.otf"; sourceTree = "<group>"; };
		893A5BBD266E0B120007710B /* NotoSansCJKkr-Bold.otf */ = {isa = PBXFileReference; lastKnownFileType = file; path = "NotoSansCJKkr-Bold.otf"; sourceTree = "<group>"; };
		893A5BC0266E10060007710B /* ResizedPageControl.swift */ = {isa = PBXFileReference; lastKnownFileType = sourcecode.swift; path = ResizedPageControl.swift; sourceTree = "<group>"; };
		8941A3F926624B5C007F1405 /* PushToOtherTap.swift */ = {isa = PBXFileReference; lastKnownFileType = sourcecode.swift; path = PushToOtherTap.swift; sourceTree = "<group>"; };
		8941A3FB266252A6007F1405 /* BottomSheet.xib */ = {isa = PBXFileReference; lastKnownFileType = file.xib; path = BottomSheet.xib; sourceTree = "<group>"; };
		8941A3FD26625363007F1405 /* BottomSheetVC.swift */ = {isa = PBXFileReference; lastKnownFileType = sourcecode.swift; path = BottomSheetVC.swift; sourceTree = "<group>"; };
		894B0371266B2F500022985F /* WorldCupPreview.xib */ = {isa = PBXFileReference; lastKnownFileType = file.xib; path = WorldCupPreview.xib; sourceTree = "<group>"; };
		89562F2F266B340E00868E9D /* WorldCupPreview.swift */ = {isa = PBXFileReference; lastKnownFileType = sourcecode.swift; path = WorldCupPreview.swift; sourceTree = "<group>"; };
		8968110A26638734001C1E3C /* StoreAnnotation.swift */ = {isa = PBXFileReference; lastKnownFileType = sourcecode.swift; path = StoreAnnotation.swift; sourceTree = "<group>"; };
		89690678266DD07E007C56A5 /* DesignConstant.swift */ = {isa = PBXFileReference; lastKnownFileType = sourcecode.swift; path = DesignConstant.swift; sourceTree = "<group>"; };
		8976069B267896970016A5F2 /* UrlQueryItem.swift */ = {isa = PBXFileReference; lastKnownFileType = sourcecode.swift; path = UrlQueryItem.swift; sourceTree = "<group>"; };
		8986365D266A1D620071BC7F /* BbangStarQuikLookVC.swift */ = {isa = PBXFileReference; fileEncoding = 4; lastKnownFileType = sourcecode.swift; path = BbangStarQuikLookVC.swift; sourceTree = "<group>"; };
		8986365E266A1D620071BC7F /* HomeViewController.swift */ = {isa = PBXFileReference; fileEncoding = 4; lastKnownFileType = sourcecode.swift; path = HomeViewController.swift; sourceTree = "<group>"; };
		8986365F266A1D620071BC7F /* Home.storyboard */ = {isa = PBXFileReference; fileEncoding = 4; lastKnownFileType = file.storyboard; path = Home.storyboard; sourceTree = "<group>"; };
		89863663266A60F20071BC7F /* CGPoint.swift */ = {isa = PBXFileReference; lastKnownFileType = sourcecode.swift; path = CGPoint.swift; sourceTree = "<group>"; };
		898675C7267994A00096C4F9 /* StoreInfo.swift */ = {isa = PBXFileReference; lastKnownFileType = sourcecode.swift; path = StoreInfo.swift; sourceTree = "<group>"; };
		898675C92679B39E0096C4F9 /* SafeAreaInsets.swift */ = {isa = PBXFileReference; lastKnownFileType = sourcecode.swift; path = SafeAreaInsets.swift; sourceTree = "<group>"; };
		898675CB267A08910096C4F9 /* SearchResultView.swift */ = {isa = PBXFileReference; lastKnownFileType = sourcecode.swift; path = SearchResultView.swift; sourceTree = "<group>"; };
		898675CD267A0ABC0096C4F9 /* MapSearchController.swift */ = {isa = PBXFileReference; lastKnownFileType = sourcecode.swift; path = MapSearchController.swift; sourceTree = "<group>"; };
		898675CF267AC44F0096C4F9 /* RatingStar.swift */ = {isa = PBXFileReference; lastKnownFileType = sourcecode.swift; path = RatingStar.swift; sourceTree = "<group>"; };
		898C18D7266DEA360046950D /* UIColor.swift */ = {isa = PBXFileReference; lastKnownFileType = sourcecode.swift; path = UIColor.swift; sourceTree = "<group>"; };
		899AFBA4266DC47600F43A00 /* WelcomeFeedCard.swift */ = {isa = PBXFileReference; lastKnownFileType = sourcecode.swift; path = WelcomeFeedCard.swift; sourceTree = "<group>"; };
		899AFBA9266DC90E00F43A00 /* NotoSansCJKkr-Regular.otf */ = {isa = PBXFileReference; lastKnownFileType = file; path = "NotoSansCJKkr-Regular.otf"; sourceTree = "<group>"; };
		899B516E265F57310078E896 /* SlideViewController.swift */ = {isa = PBXFileReference; lastKnownFileType = sourcecode.swift; path = SlideViewController.swift; sourceTree = "<group>"; };
		899B5173265F5B3A0078E896 /* SlideViewLayout.swift */ = {isa = PBXFileReference; lastKnownFileType = sourcecode.swift; path = SlideViewLayout.swift; sourceTree = "<group>"; };
		899B5175265F6BF80078E896 /* SlideCollectionView.swift */ = {isa = PBXFileReference; lastKnownFileType = sourcecode.swift; path = SlideCollectionView.swift; sourceTree = "<group>"; };
		899B5177265F72180078E896 /* UIView.swift */ = {isa = PBXFileReference; lastKnownFileType = sourcecode.swift; path = UIView.swift; sourceTree = "<group>"; };
		899B5179265F780F0078E896 /* SlideCardCell.swift */ = {isa = PBXFileReference; lastKnownFileType = sourcecode.swift; path = SlideCardCell.swift; sourceTree = "<group>"; };
		89AC9545265E28E7005605D5 /* MapSearchViewController.swift */ = {isa = PBXFileReference; lastKnownFileType = sourcecode.swift; path = MapSearchViewController.swift; sourceTree = "<group>"; };
		89AC9547265E28F5005605D5 /* MapSearch.storyboard */ = {isa = PBXFileReference; lastKnownFileType = file.storyboard; path = MapSearch.storyboard; sourceTree = "<group>"; };
		89B6BF50266286DE004BF17E /* ContainSheet.swift */ = {isa = PBXFileReference; lastKnownFileType = sourcecode.swift; path = ContainSheet.swift; sourceTree = "<group>"; };
		89B6BF5226628939004BF17E /* Collapsable.swift */ = {isa = PBXFileReference; lastKnownFileType = sourcecode.swift; path = Collapsable.swift; sourceTree = "<group>"; };
		89C4F85A266A07E000D0138F /* BubbleScene.swift */ = {isa = PBXFileReference; lastKnownFileType = sourcecode.swift; path = BubbleScene.swift; sourceTree = "<group>"; };
		89C4F85C266A0EDA00D0138F /* BubbleNode.swift */ = {isa = PBXFileReference; lastKnownFileType = sourcecode.swift; path = BubbleNode.swift; sourceTree = "<group>"; };
		89F23699267508BF0054CE62 /* ServerDataOperator.swift */ = {isa = PBXFileReference; lastKnownFileType = sourcecode.swift; path = ServerDataOperator.swift; sourceTree = "<group>"; };
		89F2369B267509EF0054CE62 /* FileManager.swift */ = {isa = PBXFileReference; fileEncoding = 4; lastKnownFileType = sourcecode.swift; path = FileManager.swift; sourceTree = "<group>"; };
		89F2369D26750A140054CE62 /* Future&Promise.swift */ = {isa = PBXFileReference; fileEncoding = 4; lastKnownFileType = sourcecode.swift; path = "Future&Promise.swift"; sourceTree = "<group>"; };
		89F4492F266C77FD0083704B /* WorldcupWinnerView.xib */ = {isa = PBXFileReference; lastKnownFileType = file.xib; path = WorldcupWinnerView.xib; sourceTree = "<group>"; };
		89F44931266C79F80083704B /* WorldcupWinnerView.swift */ = {isa = PBXFileReference; lastKnownFileType = sourcecode.swift; path = WorldcupWinnerView.swift; sourceTree = "<group>"; };
		A5277E9B265E1A6000D4122A /* Bbang.app */ = {isa = PBXFileReference; explicitFileType = wrapper.application; includeInIndex = 0; path = Bbang.app; sourceTree = BUILT_PRODUCTS_DIR; };
		A5277E9E265E1A6000D4122A /* AppDelegate.swift */ = {isa = PBXFileReference; lastKnownFileType = sourcecode.swift; path = AppDelegate.swift; sourceTree = "<group>"; };
		A5277EA0265E1A6000D4122A /* SceneDelegate.swift */ = {isa = PBXFileReference; lastKnownFileType = sourcecode.swift; path = SceneDelegate.swift; sourceTree = "<group>"; };
		A5277EA2265E1A6000D4122A /* ViewController.swift */ = {isa = PBXFileReference; lastKnownFileType = sourcecode.swift; path = ViewController.swift; sourceTree = "<group>"; };
		A5277EA5265E1A6000D4122A /* Base */ = {isa = PBXFileReference; lastKnownFileType = file.storyboard; name = Base; path = Base.lproj/Main.storyboard; sourceTree = "<group>"; };
		A5277EA7265E1A6200D4122A /* Assets.xcassets */ = {isa = PBXFileReference; lastKnownFileType = folder.assetcatalog; path = Assets.xcassets; sourceTree = "<group>"; };
		A5277EAA265E1A6200D4122A /* Base */ = {isa = PBXFileReference; lastKnownFileType = file.storyboard; name = Base; path = Base.lproj/LaunchScreen.storyboard; sourceTree = "<group>"; };
		A5277EAC265E1A6200D4122A /* Info.plist */ = {isa = PBXFileReference; lastKnownFileType = text.plist.xml; path = Info.plist; sourceTree = "<group>"; };
		A5277EC1265E1D4100D4122A /* Bbangtour.storyboard */ = {isa = PBXFileReference; lastKnownFileType = file.storyboard; path = Bbangtour.storyboard; sourceTree = "<group>"; };
		A5277EC4265E1D5200D4122A /* BbangtourViewController.swift */ = {isa = PBXFileReference; lastKnownFileType = sourcecode.swift; path = BbangtourViewController.swift; sourceTree = "<group>"; };
		A5277ECB265E1DF500D4122A /* Bbangstagram.storyboard */ = {isa = PBXFileReference; lastKnownFileType = file.storyboard; path = Bbangstagram.storyboard; sourceTree = "<group>"; };
		A5277ECE265E1E0200D4122A /* BbangstagramViewController.swift */ = {isa = PBXFileReference; lastKnownFileType = sourcecode.swift; path = BbangstagramViewController.swift; sourceTree = "<group>"; };
		A5277ED7265E1ED400D4122A /* Bbangset.storyboard */ = {isa = PBXFileReference; lastKnownFileType = file.storyboard; path = Bbangset.storyboard; sourceTree = "<group>"; };
		A5277EDA265E1EDE00D4122A /* BbangsetViewController.swift */ = {isa = PBXFileReference; lastKnownFileType = sourcecode.swift; path = BbangsetViewController.swift; sourceTree = "<group>"; };
/* End PBXFileReference section */

/* Begin PBXFrameworksBuildPhase section */
		A5277E98265E1A6000D4122A /* Frameworks */ = {
			isa = PBXFrameworksBuildPhase;
			buildActionMask = 2147483647;
			files = (
				89C678FE2675B57500D8F4F9 /* SDWebImage in Frameworks */,
				899B5172265F5A9B0078E896 /* SnapKit in Frameworks */,
			);
			runOnlyForDeploymentPostprocessing = 0;
		};
/* End PBXFrameworksBuildPhase section */

/* Begin PBXGroup section */
		89044B6D266355B700254E9A /* Map Search */ = {
			isa = PBXGroup;
			children = (
				89AC9545265E28E7005605D5 /* MapSearchViewController.swift */,
				8910C371267604B100C45DCD /* Area.swift */,
				8968110A26638734001C1E3C /* StoreAnnotation.swift */,
				89AC9547265E28F5005605D5 /* MapSearch.storyboard */,
				89044B71266369C400254E9A /* DummyLocation.gpx */,
				89044B6F2663562500254E9A /* LocationGather.swift */,
			);
			path = "Map Search";
			sourceTree = "<group>";
		};
		89044B6E266355CB00254E9A /* Sheet */ = {
			isa = PBXGroup;
			children = (
				8941A3FB266252A6007F1405 /* BottomSheet.xib */,
				8941A3FD26625363007F1405 /* BottomSheetVC.swift */,
				898675CB267A08910096C4F9 /* SearchResultView.swift */,
				898675CF267AC44F0096C4F9 /* RatingStar.swift */,
			);
			path = Sheet;
			sourceTree = "<group>";
		};
		89199BB3266229D8000CF8A8 /* WorldCup */ = {
			isa = PBXGroup;
			children = (
				89199BB6266229D8000CF8A8 /* WorldCupVC.swift */,
				894B0371266B2F500022985F /* WorldCupPreview.xib */,
				89F4492F266C77FD0083704B /* WorldcupWinnerView.xib */,
				89F44931266C79F80083704B /* WorldcupWinnerView.swift */,
				89562F2F266B340E00868E9D /* WorldCupPreview.swift */,
				89C4F85A266A07E000D0138F /* BubbleScene.swift */,
				89C4F85C266A0EDA00D0138F /* BubbleNode.swift */,
			);
			path = WorldCup;
			sourceTree = "<group>";
		};
		89199BB7266229D8000CF8A8 /* Tour */ = {
			isa = PBXGroup;
			children = (
				89199BB8266229D8000CF8A8 /* TourQuickLookVC.swift */,
				898675C7267994A00096C4F9 /* StoreInfo.swift */,
				89199BB9266229D8000CF8A8 /* CompleteMapView.swift */,
			);
			path = Tour;
			sourceTree = "<group>";
		};
		89199BBA266229D8000CF8A8 /* WelcomeFeed */ = {
			isa = PBXGroup;
			children = (
				89199BBB266229D8000CF8A8 /* WelcomeFeedCard.xib */,
				89199BBD266229D8000CF8A8 /* WelcomeFeedVC.swift */,
				899AFBA4266DC47600F43A00 /* WelcomeFeedCard.swift */,
			);
			path = WelcomeFeed;
			sourceTree = "<group>";
		};
		89863665266A60F60071BC7F /* Extension */ = {
			isa = PBXGroup;
			children = (
				89231EE9265FABE90019224F /* Storyboard.swift */,
				898C18D7266DEA360046950D /* UIColor.swift */,
				89863663266A60F20071BC7F /* CGPoint.swift */,
				899B5177265F72180078E896 /* UIView.swift */,
			);
			path = Extension;
			sourceTree = "<group>";
		};
		899AFBA6266DC77100F43A00 /* Resource */ = {
			isa = PBXGroup;
			children = (
				899AFBA9266DC90E00F43A00 /* NotoSansCJKkr-Regular.otf */,
				893A5BBD266E0B120007710B /* NotoSansCJKkr-Bold.otf */,
				893A5BBC266E0B120007710B /* NotoSansCJKkr-Medium.otf */,
			);
			path = Resource;
			sourceTree = "<group>";
		};
		899B516C265F56FA0078E896 /* Helper */ = {
			isa = PBXGroup;
			children = (
				89F2369B267509EF0054CE62 /* FileManager.swift */,
				89F2369D26750A140054CE62 /* Future&Promise.swift */,
				8976069B267896970016A5F2 /* UrlQueryItem.swift */,
				899B516D265F570A0078E896 /* UI */,
			);
			path = Helper;
			sourceTree = "<group>";
		};
		899B516D265F570A0078E896 /* UI */ = {
			isa = PBXGroup;
			children = (
				89690678266DD07E007C56A5 /* DesignConstant.swift */,
				893A5BC0266E10060007710B /* ResizedPageControl.swift */,
				898675C92679B39E0096C4F9 /* SafeAreaInsets.swift */,
				89B6BF50266286DE004BF17E /* ContainSheet.swift */,
				89B6BF5226628939004BF17E /* Collapsable.swift */,
				89863665266A60F60071BC7F /* Extension */,
				899B516E265F57310078E896 /* SlideViewController.swift */,
				899B5179265F780F0078E896 /* SlideCardCell.swift */,
				8941A3F926624B5C007F1405 /* PushToOtherTap.swift */,
				899B5175265F6BF80078E896 /* SlideCollectionView.swift */,
				899B5173265F5B3A0078E896 /* SlideViewLayout.swift */,
			);
			path = UI;
			sourceTree = "<group>";
		};
		89F23698267508240054CE62 /* Model */ = {
			isa = PBXGroup;
			children = (
				89F23699267508BF0054CE62 /* ServerDataOperator.swift */,
			);
			path = Model;
			sourceTree = "<group>";
		};
		A5277E92265E1A6000D4122A = {
			isa = PBXGroup;
			children = (
				A5277E9D265E1A6000D4122A /* Bbang */,
				A5277E9C265E1A6000D4122A /* Products */,
			);
			sourceTree = "<group>";
		};
		A5277E9C265E1A6000D4122A /* Products */ = {
			isa = PBXGroup;
			children = (
				A5277E9B265E1A6000D4122A /* Bbang.app */,
			);
			name = Products;
			sourceTree = "<group>";
		};
		A5277E9D265E1A6000D4122A /* Bbang */ = {
			isa = PBXGroup;
			children = (
				899AFBA6266DC77100F43A00 /* Resource */,
				A5277E9E265E1A6000D4122A /* AppDelegate.swift */,
				A5277EA0265E1A6000D4122A /* SceneDelegate.swift */,
				A5277EA2265E1A6000D4122A /* ViewController.swift */,
				A5277EA4265E1A6000D4122A /* Main.storyboard */,
				A5277EA7265E1A6200D4122A /* Assets.xcassets */,
				A5277EA9265E1A6200D4122A /* LaunchScreen.storyboard */,
				A5277EAC265E1A6200D4122A /* Info.plist */,
				A5277EB6265E1A9700D4122A /* 빵지순례 */,
				A5277EB5265E1A9000D4122A /* 빵스타그램 */,
				A5277EB7265E1A9E00D4122A /* 메인 */,
				899B516C265F56FA0078E896 /* Helper */,
				A5277EB4265E1A7C00D4122A /* 주변빵집검색 */,
				A5277EB3265E1A7800D4122A /* 설정 */,
			);
			path = Bbang;
			sourceTree = "<group>";
		};
		A5277EB3265E1A7800D4122A /* 설정 */ = {
			isa = PBXGroup;
			children = (
				A5277ED7265E1ED400D4122A /* Bbangset.storyboard */,
				A5277EDA265E1EDE00D4122A /* BbangsetViewController.swift */,
			);
			name = "설정";
			path = "설정";
			sourceTree = "<group>";
		};
		A5277EB4265E1A7C00D4122A /* 주변빵집검색 */ = {
			isa = PBXGroup;
			children = (
				89044B6D266355B700254E9A /* Map Search */,
				89044B6E266355CB00254E9A /* Sheet */,
				898675CD267A0ABC0096C4F9 /* MapSearchController.swift */,
			);
			name = "주변빵집검색";
			path = "주변빵집검색";
			sourceTree = "<group>";
		};
		A5277EB5265E1A9000D4122A /* 빵스타그램 */ = {
			isa = PBXGroup;
			children = (
				A5277ECB265E1DF500D4122A /* Bbangstagram.storyboard */,
				A5277ECE265E1E0200D4122A /* BbangstagramViewController.swift */,
			);
			name = "빵스타그램";
			path = "빵스타그램";
			sourceTree = "<group>";
		};
		A5277EB6265E1A9700D4122A /* 빵지순례 */ = {
			isa = PBXGroup;
			children = (
				A5277EC1265E1D4100D4122A /* Bbangtour.storyboard */,
				A5277EC4265E1D5200D4122A /* BbangtourViewController.swift */,
			);
			name = "빵지순례";
			path = "빵지순례";
			sourceTree = "<group>";
		};
		A5277EB7265E1A9E00D4122A /* 메인 */ = {
			isa = PBXGroup;
			children = (
				8986365D266A1D620071BC7F /* BbangStarQuikLookVC.swift */,
				8986365F266A1D620071BC7F /* Home.storyboard */,
				8986365E266A1D620071BC7F /* HomeViewController.swift */,
				89F23698267508240054CE62 /* Model */,
				89199BB7266229D8000CF8A8 /* Tour */,
				89199BB3266229D8000CF8A8 /* WorldCup */,
				89199BBA266229D8000CF8A8 /* WelcomeFeed */,
			);
			name = "메인";
			path = "메인";
			sourceTree = "<group>";
		};
/* End PBXGroup section */

/* Begin PBXNativeTarget section */
		A5277E9A265E1A6000D4122A /* Bbang */ = {
			isa = PBXNativeTarget;
			buildConfigurationList = A5277EAF265E1A6200D4122A /* Build configuration list for PBXNativeTarget "Bbang" */;
			buildPhases = (
				A5277E97265E1A6000D4122A /* Sources */,
				A5277E98265E1A6000D4122A /* Frameworks */,
				A5277E99265E1A6000D4122A /* Resources */,
			);
			buildRules = (
			);
			dependencies = (
			);
			name = Bbang;
			packageProductDependencies = (
				899B5171265F5A9B0078E896 /* SnapKit */,
				89C678FD2675B57500D8F4F9 /* SDWebImage */,
			);
			productName = Bbang;
			productReference = A5277E9B265E1A6000D4122A /* Bbang.app */;
			productType = "com.apple.product-type.application";
		};
/* End PBXNativeTarget section */

/* Begin PBXProject section */
		A5277E93265E1A6000D4122A /* Project object */ = {
			isa = PBXProject;
			attributes = {
				LastSwiftUpdateCheck = 1240;
				LastUpgradeCheck = 1240;
				TargetAttributes = {
					A5277E9A265E1A6000D4122A = {
						CreatedOnToolsVersion = 12.4;
					};
				};
			};
			buildConfigurationList = A5277E96265E1A6000D4122A /* Build configuration list for PBXProject "Bbang" */;
			compatibilityVersion = "Xcode 9.3";
			developmentRegion = en;
			hasScannedForEncodings = 0;
			knownRegions = (
				en,
				Base,
			);
			mainGroup = A5277E92265E1A6000D4122A;
			packageReferences = (
				899B5170265F5A9B0078E896 /* XCRemoteSwiftPackageReference "SnapKit" */,
				89C678FC2675B57500D8F4F9 /* XCRemoteSwiftPackageReference "SDWebImage" */,
			);
			productRefGroup = A5277E9C265E1A6000D4122A /* Products */;
			projectDirPath = "";
			projectRoot = "";
			targets = (
				A5277E9A265E1A6000D4122A /* Bbang */,
			);
		};
/* End PBXProject section */

/* Begin PBXResourcesBuildPhase section */
		A5277E99265E1A6000D4122A /* Resources */ = {
			isa = PBXResourcesBuildPhase;
			buildActionMask = 2147483647;
			files = (
				A5277ED8265E1ED400D4122A /* Bbangset.storyboard in Resources */,
				893A5BBE266E0B120007710B /* NotoSansCJKkr-Medium.otf in Resources */,
				89F44930266C77FD0083704B /* WorldcupWinnerView.xib in Resources */,
				89863662266A1D630071BC7F /* Home.storyboard in Resources */,
				8941A3FC266252A6007F1405 /* BottomSheet.xib in Resources */,
				A5277EC2265E1D4100D4122A /* Bbangtour.storyboard in Resources */,
				A5277EAB265E1A6200D4122A /* LaunchScreen.storyboard in Resources */,
				899AFBAA266DC90E00F43A00 /* NotoSansCJKkr-Regular.otf in Resources */,
				A5277EA8265E1A6200D4122A /* Assets.xcassets in Resources */,
				A5277EA6265E1A6000D4122A /* Main.storyboard in Resources */,
				A5277ECC265E1DF500D4122A /* Bbangstagram.storyboard in Resources */,
				893A5BBF266E0B120007710B /* NotoSansCJKkr-Bold.otf in Resources */,
				89199BC3266229D8000CF8A8 /* WelcomeFeedCard.xib in Resources */,
				894B0372266B2F500022985F /* WorldCupPreview.xib in Resources */,
				89AC9548265E28F5005605D5 /* MapSearch.storyboard in Resources */,
			);
			runOnlyForDeploymentPostprocessing = 0;
		};
/* End PBXResourcesBuildPhase section */

/* Begin PBXSourcesBuildPhase section */
		A5277E97265E1A6000D4122A /* Sources */ = {
			isa = PBXSourcesBuildPhase;
			buildActionMask = 2147483647;
			files = (
				8910C372267604B100C45DCD /* Area.swift in Sources */,
				898675CC267A08910096C4F9 /* SearchResultView.swift in Sources */,
				89044B702663562500254E9A /* LocationGather.swift in Sources */,
				89F2369A267508BF0054CE62 /* ServerDataOperator.swift in Sources */,
				A5277ECF265E1E0200D4122A /* BbangstagramViewController.swift in Sources */,
				A5277EC5265E1D5200D4122A /* BbangtourViewController.swift in Sources */,
				899B5174265F5B3A0078E896 /* SlideViewLayout.swift in Sources */,
				899B516F265F57310078E896 /* SlideViewController.swift in Sources */,
				89B6BF51266286DE004BF17E /* ContainSheet.swift in Sources */,
				8941A3FE26625363007F1405 /* BottomSheetVC.swift in Sources */,
				89F2369E26750A140054CE62 /* Future&Promise.swift in Sources */,
				899AFBA5266DC47600F43A00 /* WelcomeFeedCard.swift in Sources */,
				898675CE267A0ABC0096C4F9 /* MapSearchController.swift in Sources */,
				89562F30266B340E00868E9D /* WorldCupPreview.swift in Sources */,
				89C4F85D266A0EDA00D0138F /* BubbleNode.swift in Sources */,
				89863660266A1D630071BC7F /* BbangStarQuikLookVC.swift in Sources */,
				89199BC0266229D8000CF8A8 /* WorldCupVC.swift in Sources */,
				8941A3FA26624B5C007F1405 /* PushToOtherTap.swift in Sources */,
				893A5BC1266E10060007710B /* ResizedPageControl.swift in Sources */,
				89F2369C267509F00054CE62 /* FileManager.swift in Sources */,
				A5277EA3265E1A6000D4122A /* ViewController.swift in Sources */,
				898675C8267994A00096C4F9 /* StoreInfo.swift in Sources */,
				8968110B26638734001C1E3C /* StoreAnnotation.swift in Sources */,
				89863664266A60F20071BC7F /* CGPoint.swift in Sources */,
				89AC9546265E28E7005605D5 /* MapSearchViewController.swift in Sources */,
				899B5178265F72180078E896 /* UIView.swift in Sources */,
				8976069C267896970016A5F2 /* UrlQueryItem.swift in Sources */,
				89F44932266C79F80083704B /* WorldcupWinnerView.swift in Sources */,
				89690679266DD07E007C56A5 /* DesignConstant.swift in Sources */,
				A5277EDB265E1EDE00D4122A /* BbangsetViewController.swift in Sources */,
				89B6BF5326628939004BF17E /* Collapsable.swift in Sources */,
				898C18D8266DEA360046950D /* UIColor.swift in Sources */,
				899B5176265F6BF80078E896 /* SlideCollectionView.swift in Sources */,
				89231EEA265FABE90019224F /* Storyboard.swift in Sources */,
				898675D0267AC44F0096C4F9 /* RatingStar.swift in Sources */,
				89863661266A1D630071BC7F /* HomeViewController.swift in Sources */,
				89199BC2266229D8000CF8A8 /* CompleteMapView.swift in Sources */,
				89199BC1266229D8000CF8A8 /* TourQuickLookVC.swift in Sources */,
				898675CA2679B39E0096C4F9 /* SafeAreaInsets.swift in Sources */,
				89199BC5266229D8000CF8A8 /* WelcomeFeedVC.swift in Sources */,
				A5277E9F265E1A6000D4122A /* AppDelegate.swift in Sources */,
				899B517A265F780F0078E896 /* SlideCardCell.swift in Sources */,
				89C4F85B266A07E000D0138F /* BubbleScene.swift in Sources */,
				A5277EA1265E1A6000D4122A /* SceneDelegate.swift in Sources */,
			);
			runOnlyForDeploymentPostprocessing = 0;
		};
/* End PBXSourcesBuildPhase section */

/* Begin PBXVariantGroup section */
		A5277EA4265E1A6000D4122A /* Main.storyboard */ = {
			isa = PBXVariantGroup;
			children = (
				A5277EA5265E1A6000D4122A /* Base */,
			);
			name = Main.storyboard;
			sourceTree = "<group>";
		};
		A5277EA9265E1A6200D4122A /* LaunchScreen.storyboard */ = {
			isa = PBXVariantGroup;
			children = (
				A5277EAA265E1A6200D4122A /* Base */,
			);
			name = LaunchScreen.storyboard;
			sourceTree = "<group>";
		};
/* End PBXVariantGroup section */

/* Begin XCBuildConfiguration section */
		A5277EAD265E1A6200D4122A /* Debug */ = {
			isa = XCBuildConfiguration;
			buildSettings = {
				ALWAYS_SEARCH_USER_PATHS = NO;
				CLANG_ANALYZER_NONNULL = YES;
				CLANG_ANALYZER_NUMBER_OBJECT_CONVERSION = YES_AGGRESSIVE;
				CLANG_CXX_LANGUAGE_STANDARD = "gnu++14";
				CLANG_CXX_LIBRARY = "libc++";
				CLANG_ENABLE_MODULES = YES;
				CLANG_ENABLE_OBJC_ARC = YES;
				CLANG_ENABLE_OBJC_WEAK = YES;
				CLANG_WARN_BLOCK_CAPTURE_AUTORELEASING = YES;
				CLANG_WARN_BOOL_CONVERSION = YES;
				CLANG_WARN_COMMA = YES;
				CLANG_WARN_CONSTANT_CONVERSION = YES;
				CLANG_WARN_DEPRECATED_OBJC_IMPLEMENTATIONS = YES;
				CLANG_WARN_DIRECT_OBJC_ISA_USAGE = YES_ERROR;
				CLANG_WARN_DOCUMENTATION_COMMENTS = YES;
				CLANG_WARN_EMPTY_BODY = YES;
				CLANG_WARN_ENUM_CONVERSION = YES;
				CLANG_WARN_INFINITE_RECURSION = YES;
				CLANG_WARN_INT_CONVERSION = YES;
				CLANG_WARN_NON_LITERAL_NULL_CONVERSION = YES;
				CLANG_WARN_OBJC_IMPLICIT_RETAIN_SELF = YES;
				CLANG_WARN_OBJC_LITERAL_CONVERSION = YES;
				CLANG_WARN_OBJC_ROOT_CLASS = YES_ERROR;
				CLANG_WARN_QUOTED_INCLUDE_IN_FRAMEWORK_HEADER = YES;
				CLANG_WARN_RANGE_LOOP_ANALYSIS = YES;
				CLANG_WARN_STRICT_PROTOTYPES = YES;
				CLANG_WARN_SUSPICIOUS_MOVE = YES;
				CLANG_WARN_UNGUARDED_AVAILABILITY = YES_AGGRESSIVE;
				CLANG_WARN_UNREACHABLE_CODE = YES;
				CLANG_WARN__DUPLICATE_METHOD_MATCH = YES;
				COPY_PHASE_STRIP = NO;
				DEBUG_INFORMATION_FORMAT = dwarf;
				ENABLE_STRICT_OBJC_MSGSEND = YES;
				ENABLE_TESTABILITY = YES;
				GCC_C_LANGUAGE_STANDARD = gnu11;
				GCC_DYNAMIC_NO_PIC = NO;
				GCC_NO_COMMON_BLOCKS = YES;
				GCC_OPTIMIZATION_LEVEL = 0;
				GCC_PREPROCESSOR_DEFINITIONS = (
					"DEBUG=1",
					"$(inherited)",
				);
				GCC_WARN_64_TO_32_BIT_CONVERSION = YES;
				GCC_WARN_ABOUT_RETURN_TYPE = YES_ERROR;
				GCC_WARN_UNDECLARED_SELECTOR = YES;
				GCC_WARN_UNINITIALIZED_AUTOS = YES_AGGRESSIVE;
				GCC_WARN_UNUSED_FUNCTION = YES;
				GCC_WARN_UNUSED_VARIABLE = YES;
				IPHONEOS_DEPLOYMENT_TARGET = 14.4;
				MTL_ENABLE_DEBUG_INFO = INCLUDE_SOURCE;
				MTL_FAST_MATH = YES;
				ONLY_ACTIVE_ARCH = YES;
				SDKROOT = iphoneos;
				SWIFT_ACTIVE_COMPILATION_CONDITIONS = DEBUG;
				SWIFT_OPTIMIZATION_LEVEL = "-Onone";
			};
			name = Debug;
		};
		A5277EAE265E1A6200D4122A /* Release */ = {
			isa = XCBuildConfiguration;
			buildSettings = {
				ALWAYS_SEARCH_USER_PATHS = NO;
				CLANG_ANALYZER_NONNULL = YES;
				CLANG_ANALYZER_NUMBER_OBJECT_CONVERSION = YES_AGGRESSIVE;
				CLANG_CXX_LANGUAGE_STANDARD = "gnu++14";
				CLANG_CXX_LIBRARY = "libc++";
				CLANG_ENABLE_MODULES = YES;
				CLANG_ENABLE_OBJC_ARC = YES;
				CLANG_ENABLE_OBJC_WEAK = YES;
				CLANG_WARN_BLOCK_CAPTURE_AUTORELEASING = YES;
				CLANG_WARN_BOOL_CONVERSION = YES;
				CLANG_WARN_COMMA = YES;
				CLANG_WARN_CONSTANT_CONVERSION = YES;
				CLANG_WARN_DEPRECATED_OBJC_IMPLEMENTATIONS = YES;
				CLANG_WARN_DIRECT_OBJC_ISA_USAGE = YES_ERROR;
				CLANG_WARN_DOCUMENTATION_COMMENTS = YES;
				CLANG_WARN_EMPTY_BODY = YES;
				CLANG_WARN_ENUM_CONVERSION = YES;
				CLANG_WARN_INFINITE_RECURSION = YES;
				CLANG_WARN_INT_CONVERSION = YES;
				CLANG_WARN_NON_LITERAL_NULL_CONVERSION = YES;
				CLANG_WARN_OBJC_IMPLICIT_RETAIN_SELF = YES;
				CLANG_WARN_OBJC_LITERAL_CONVERSION = YES;
				CLANG_WARN_OBJC_ROOT_CLASS = YES_ERROR;
				CLANG_WARN_QUOTED_INCLUDE_IN_FRAMEWORK_HEADER = YES;
				CLANG_WARN_RANGE_LOOP_ANALYSIS = YES;
				CLANG_WARN_STRICT_PROTOTYPES = YES;
				CLANG_WARN_SUSPICIOUS_MOVE = YES;
				CLANG_WARN_UNGUARDED_AVAILABILITY = YES_AGGRESSIVE;
				CLANG_WARN_UNREACHABLE_CODE = YES;
				CLANG_WARN__DUPLICATE_METHOD_MATCH = YES;
				COPY_PHASE_STRIP = NO;
				DEBUG_INFORMATION_FORMAT = "dwarf-with-dsym";
				ENABLE_NS_ASSERTIONS = NO;
				ENABLE_STRICT_OBJC_MSGSEND = YES;
				GCC_C_LANGUAGE_STANDARD = gnu11;
				GCC_NO_COMMON_BLOCKS = YES;
				GCC_WARN_64_TO_32_BIT_CONVERSION = YES;
				GCC_WARN_ABOUT_RETURN_TYPE = YES_ERROR;
				GCC_WARN_UNDECLARED_SELECTOR = YES;
				GCC_WARN_UNINITIALIZED_AUTOS = YES_AGGRESSIVE;
				GCC_WARN_UNUSED_FUNCTION = YES;
				GCC_WARN_UNUSED_VARIABLE = YES;
				IPHONEOS_DEPLOYMENT_TARGET = 14.4;
				MTL_ENABLE_DEBUG_INFO = NO;
				MTL_FAST_MATH = YES;
				SDKROOT = iphoneos;
				SWIFT_COMPILATION_MODE = wholemodule;
				SWIFT_OPTIMIZATION_LEVEL = "-O";
				VALIDATE_PRODUCT = YES;
			};
			name = Release;
		};
		A5277EB0265E1A6200D4122A /* Debug */ = {
			isa = XCBuildConfiguration;
			buildSettings = {
				ASSETCATALOG_COMPILER_APPICON_NAME = AppIcon;
				ASSETCATALOG_COMPILER_GLOBAL_ACCENT_COLOR_NAME = AccentColor;
				CODE_SIGN_STYLE = Automatic;
				DEVELOPMENT_TEAM = 96XCF965VW;
				INFOPLIST_FILE = Bbang/Info.plist;
				LD_RUNPATH_SEARCH_PATHS = (
					"$(inherited)",
					"@executable_path/Frameworks",
				);
				PRODUCT_BUNDLE_IDENTIFIER = com.bbangTeam.Bbang;
				PRODUCT_NAME = "$(TARGET_NAME)";
				SWIFT_VERSION = 5.0;
				TARGETED_DEVICE_FAMILY = "1,2";
			};
			name = Debug;
		};
		A5277EB1265E1A6200D4122A /* Release */ = {
			isa = XCBuildConfiguration;
			buildSettings = {
				ASSETCATALOG_COMPILER_APPICON_NAME = AppIcon;
				ASSETCATALOG_COMPILER_GLOBAL_ACCENT_COLOR_NAME = AccentColor;
				CODE_SIGN_STYLE = Automatic;
				DEVELOPMENT_TEAM = 96XCF965VW;
				INFOPLIST_FILE = Bbang/Info.plist;
				LD_RUNPATH_SEARCH_PATHS = (
					"$(inherited)",
					"@executable_path/Frameworks",
				);
				PRODUCT_BUNDLE_IDENTIFIER = com.bbangTeam.Bbang;
				PRODUCT_NAME = "$(TARGET_NAME)";
				SWIFT_VERSION = 5.0;
				TARGETED_DEVICE_FAMILY = "1,2";
			};
			name = Release;
		};
/* End XCBuildConfiguration section */

/* Begin XCConfigurationList section */
		A5277E96265E1A6000D4122A /* Build configuration list for PBXProject "Bbang" */ = {
			isa = XCConfigurationList;
			buildConfigurations = (
				A5277EAD265E1A6200D4122A /* Debug */,
				A5277EAE265E1A6200D4122A /* Release */,
			);
			defaultConfigurationIsVisible = 0;
			defaultConfigurationName = Release;
		};
		A5277EAF265E1A6200D4122A /* Build configuration list for PBXNativeTarget "Bbang" */ = {
			isa = XCConfigurationList;
			buildConfigurations = (
				A5277EB0265E1A6200D4122A /* Debug */,
				A5277EB1265E1A6200D4122A /* Release */,
			);
			defaultConfigurationIsVisible = 0;
			defaultConfigurationName = Release;
		};
/* End XCConfigurationList section */

/* Begin XCRemoteSwiftPackageReference section */
		899B5170265F5A9B0078E896 /* XCRemoteSwiftPackageReference "SnapKit" */ = {
			isa = XCRemoteSwiftPackageReference;
			repositoryURL = "https://github.com/SnapKit/SnapKit";
			requirement = {
				kind = upToNextMajorVersion;
				minimumVersion = 5.0.1;
			};
		};
		89C678FC2675B57500D8F4F9 /* XCRemoteSwiftPackageReference "SDWebImage" */ = {
			isa = XCRemoteSwiftPackageReference;
			repositoryURL = "https://github.com/SDWebImage/SDWebImage";
			requirement = {
				kind = upToNextMajorVersion;
				minimumVersion = 5.11.1;
			};
		};
/* End XCRemoteSwiftPackageReference section */

/* Begin XCSwiftPackageProductDependency section */
		899B5171265F5A9B0078E896 /* SnapKit */ = {
			isa = XCSwiftPackageProductDependency;
			package = 899B5170265F5A9B0078E896 /* XCRemoteSwiftPackageReference "SnapKit" */;
			productName = SnapKit;
		};
		89C678FD2675B57500D8F4F9 /* SDWebImage */ = {
			isa = XCSwiftPackageProductDependency;
			package = 89C678FC2675B57500D8F4F9 /* XCRemoteSwiftPackageReference "SDWebImage" */;
			productName = SDWebImage;
		};
/* End XCSwiftPackageProductDependency section */
	};
	rootObject = A5277E93265E1A6000D4122A /* Project object */;
}
